
Microsoft Visual Studio Solution File, Format Version 12.00
# Visual Studio 15
VisualStudioVersion = 15.0.27703.2000
MinimumVisualStudioVersion = 10.0.40219.1
Project("{FAE04EC0-301F-11D3-BF4B-00C04F79EFBC}") = "Delegados1", "Delegados1\Delegados1.csproj", "{B8EBB53D-46D8-40AF-B37B-7225B75F2103}"
EndProject
Global
	GlobalSection(SolutionConfigurationPlatforms) = preSolution
		Debug|Any CPU = Debug|Any CPU
		Release|Any CPU = Release|Any CPU
	EndGlobalSection
	GlobalSection(ProjectConfigurationPlatforms) = postSolution
		{B8EBB53D-46D8-40AF-B37B-7225B75F2103}.Debug|Any CPU.ActiveCfg = Debug|Any CPU
		{B8EBB53D-46D8-40AF-B37B-7225B75F2103}.Debug|Any CPU.Build.0 = Debug|Any CPU
		{B8EBB53D-46D8-40AF-B37B-7225B75F2103}.Release|Any CPU.ActiveCfg = Release|Any CPU
		{B8EBB53D-46D8-40AF-B37B-7225B75F2103}.Release|Any CPU.Build.0 = Release|Any CPU
	EndGlobalSection
	GlobalSection(SolutionProperties) = preSolution
		HideSolutionNode = FALSE
	EndGlobalSection
	GlobalSection(ExtensibilityGlobals) = postSolution
		SolutionGuid = {F5AC3E35-1533-42F0-B2CA-83AF6965B6B7}
	EndGlobalSection
EndGlobal
