
Microsoft Visual Studio Solution File, Format Version 12.00
# Visual Studio 15
VisualStudioVersion = 15.0.27703.2000
MinimumVisualStudioVersion = 10.0.40219.1
Project("{FAE04EC0-301F-11D3-BF4B-00C04F79EFBC}") = "Ennumerados", "Ennumerados\Ennumerados.csproj", "{DC4C4128-C590-4C7A-873B-17B317B1ACCE}"
EndProject
Global
	GlobalSection(SolutionConfigurationPlatforms) = preSolution
		Debug|Any CPU = Debug|Any CPU
		Release|Any CPU = Release|Any CPU
	EndGlobalSection
	GlobalSection(ProjectConfigurationPlatforms) = postSolution
		{DC4C4128-C590-4C7A-873B-17B317B1ACCE}.Debug|Any CPU.ActiveCfg = Debug|Any CPU
		{DC4C4128-C590-4C7A-873B-17B317B1ACCE}.Debug|Any CPU.Build.0 = Debug|Any CPU
		{DC4C4128-C590-4C7A-873B-17B317B1ACCE}.Release|Any CPU.ActiveCfg = Release|Any CPU
		{DC4C4128-C590-4C7A-873B-17B317B1ACCE}.Release|Any CPU.Build.0 = Release|Any CPU
	EndGlobalSection
	GlobalSection(SolutionProperties) = preSolution
		HideSolutionNode = FALSE
	EndGlobalSection
	GlobalSection(ExtensibilityGlobals) = postSolution
		SolutionGuid = {C6E990B7-9F79-4AF1-97A5-8902684BD398}
	EndGlobalSection
EndGlobal
