
Microsoft Visual Studio Solution File, Format Version 12.00
# Visual Studio 15
VisualStudioVersion = 15.0.27703.2000
MinimumVisualStudioVersion = 10.0.40219.1
Project("{FAE04EC0-301F-11D3-BF4B-00C04F79EFBC}") = "Temperatura", "Temperatura\Temperatura.csproj", "{EEB115DC-30A9-4845-AFDD-6D9DB9B33A22}"
EndProject
Global
	GlobalSection(SolutionConfigurationPlatforms) = preSolution
		Debug|Any CPU = Debug|Any CPU
		Release|Any CPU = Release|Any CPU
	EndGlobalSection
	GlobalSection(ProjectConfigurationPlatforms) = postSolution
		{EEB115DC-30A9-4845-AFDD-6D9DB9B33A22}.Debug|Any CPU.ActiveCfg = Debug|Any CPU
		{EEB115DC-30A9-4845-AFDD-6D9DB9B33A22}.Debug|Any CPU.Build.0 = Debug|Any CPU
		{EEB115DC-30A9-4845-AFDD-6D9DB9B33A22}.Release|Any CPU.ActiveCfg = Release|Any CPU
		{EEB115DC-30A9-4845-AFDD-6D9DB9B33A22}.Release|Any CPU.Build.0 = Release|Any CPU
	EndGlobalSection
	GlobalSection(SolutionProperties) = preSolution
		HideSolutionNode = FALSE
	EndGlobalSection
	GlobalSection(ExtensibilityGlobals) = postSolution
		SolutionGuid = {8BA8755B-B283-4780-83EB-E20F6F5334DE}
	EndGlobalSection
EndGlobal
