
Microsoft Visual Studio Solution File, Format Version 12.00
# Visual Studio 15
VisualStudioVersion = 15.0.27703.2000
MinimumVisualStudioVersion = 10.0.40219.1
Project("{FAE04EC0-301F-11D3-BF4B-00C04F79EFBC}") = "Delegados3", "Delegados3\Delegados3.csproj", "{73E1DEA1-07CE-4EC9-A75B-D2B1DD4D4047}"
EndProject
Global
	GlobalSection(SolutionConfigurationPlatforms) = preSolution
		Debug|Any CPU = Debug|Any CPU
		Release|Any CPU = Release|Any CPU
	EndGlobalSection
	GlobalSection(ProjectConfigurationPlatforms) = postSolution
		{73E1DEA1-07CE-4EC9-A75B-D2B1DD4D4047}.Debug|Any CPU.ActiveCfg = Debug|Any CPU
		{73E1DEA1-07CE-4EC9-A75B-D2B1DD4D4047}.Debug|Any CPU.Build.0 = Debug|Any CPU
		{73E1DEA1-07CE-4EC9-A75B-D2B1DD4D4047}.Release|Any CPU.ActiveCfg = Release|Any CPU
		{73E1DEA1-07CE-4EC9-A75B-D2B1DD4D4047}.Release|Any CPU.Build.0 = Release|Any CPU
	EndGlobalSection
	GlobalSection(SolutionProperties) = preSolution
		HideSolutionNode = FALSE
	EndGlobalSection
	GlobalSection(ExtensibilityGlobals) = postSolution
		SolutionGuid = {BF485872-E2D6-493C-855F-F7E5DAFECA55}
	EndGlobalSection
EndGlobal
