
Microsoft Visual Studio Solution File, Format Version 12.00
# Visual Studio 15
VisualStudioVersion = 15.0.27703.2000
MinimumVisualStudioVersion = 10.0.40219.1
Project("{FAE04EC0-301F-11D3-BF4B-00C04F79EFBC}") = "Pila", "Pila\Pila.csproj", "{74E54BBA-F44D-4713-B726-4E7798123A35}"
EndProject
Global
	GlobalSection(SolutionConfigurationPlatforms) = preSolution
		Debug|Any CPU = Debug|Any CPU
		Release|Any CPU = Release|Any CPU
	EndGlobalSection
	GlobalSection(ProjectConfigurationPlatforms) = postSolution
		{74E54BBA-F44D-4713-B726-4E7798123A35}.Debug|Any CPU.ActiveCfg = Debug|Any CPU
		{74E54BBA-F44D-4713-B726-4E7798123A35}.Debug|Any CPU.Build.0 = Debug|Any CPU
		{74E54BBA-F44D-4713-B726-4E7798123A35}.Release|Any CPU.ActiveCfg = Release|Any CPU
		{74E54BBA-F44D-4713-B726-4E7798123A35}.Release|Any CPU.Build.0 = Release|Any CPU
	EndGlobalSection
	GlobalSection(SolutionProperties) = preSolution
		HideSolutionNode = FALSE
	EndGlobalSection
	GlobalSection(ExtensibilityGlobals) = postSolution
		SolutionGuid = {B93BB6D4-5E8B-44ED-A758-38D564E2DE3A}
	EndGlobalSection
EndGlobal
