
Microsoft Visual Studio Solution File, Format Version 12.00
# Visual Studio 15
VisualStudioVersion = 15.0.27703.2000
MinimumVisualStudioVersion = 10.0.40219.1
Project("{FAE04EC0-301F-11D3-BF4B-00C04F79EFBC}") = "Semaforos", "Semaforos\Semaforos.csproj", "{999BD42E-A59B-475F-98B9-11E0F5F003A3}"
EndProject
Global
	GlobalSection(SolutionConfigurationPlatforms) = preSolution
		Debug|Any CPU = Debug|Any CPU
		Release|Any CPU = Release|Any CPU
	EndGlobalSection
	GlobalSection(ProjectConfigurationPlatforms) = postSolution
		{999BD42E-A59B-475F-98B9-11E0F5F003A3}.Debug|Any CPU.ActiveCfg = Debug|Any CPU
		{999BD42E-A59B-475F-98B9-11E0F5F003A3}.Debug|Any CPU.Build.0 = Debug|Any CPU
		{999BD42E-A59B-475F-98B9-11E0F5F003A3}.Release|Any CPU.ActiveCfg = Release|Any CPU
		{999BD42E-A59B-475F-98B9-11E0F5F003A3}.Release|Any CPU.Build.0 = Release|Any CPU
	EndGlobalSection
	GlobalSection(SolutionProperties) = preSolution
		HideSolutionNode = FALSE
	EndGlobalSection
	GlobalSection(ExtensibilityGlobals) = postSolution
		SolutionGuid = {065BE46C-E4F3-4DD1-B399-0FC69CCE02B9}
	EndGlobalSection
EndGlobal
