
Microsoft Visual Studio Solution File, Format Version 12.00
# Visual Studio 15
VisualStudioVersion = 15.0.27703.2000
MinimumVisualStudioVersion = 10.0.40219.1
Project("{FAE04EC0-301F-11D3-BF4B-00C04F79EFBC}") = "ClienteSincrono", "ClienteSincrono\ClienteSincrono.csproj", "{38D73E42-7482-499C-941C-59C05B7CB1A0}"
EndProject
Global
	GlobalSection(SolutionConfigurationPlatforms) = preSolution
		Debug|Any CPU = Debug|Any CPU
		Release|Any CPU = Release|Any CPU
	EndGlobalSection
	GlobalSection(ProjectConfigurationPlatforms) = postSolution
		{38D73E42-7482-499C-941C-59C05B7CB1A0}.Debug|Any CPU.ActiveCfg = Debug|Any CPU
		{38D73E42-7482-499C-941C-59C05B7CB1A0}.Debug|Any CPU.Build.0 = Debug|Any CPU
		{38D73E42-7482-499C-941C-59C05B7CB1A0}.Release|Any CPU.ActiveCfg = Release|Any CPU
		{38D73E42-7482-499C-941C-59C05B7CB1A0}.Release|Any CPU.Build.0 = Release|Any CPU
	EndGlobalSection
	GlobalSection(SolutionProperties) = preSolution
		HideSolutionNode = FALSE
	EndGlobalSection
	GlobalSection(ExtensibilityGlobals) = postSolution
		SolutionGuid = {693E4D53-1D3A-48DA-A58D-F5542DD76768}
	EndGlobalSection
EndGlobal
